symfony b80951c21c1ca8cef7c2429db05d8003679f89c4
twig 1bfeed24c2ea9b27abaf9fa45758d2bc48eaa31f
monolog 1.0.2
doctrine-common fc26d10d97dc773923a8d561e9301c3c73b9cc70
doctrine-dbal c8835edf74854426b0039f0535204718e75e3b7a
doctrine 38d725ce32b01ba7af40fb91c9454ea44fbe5ab5
swiftmailer v4.1.5
assetic v1.0.2
twig-extensions 1dfff8e793f50f651c4f74f796c2c68a4aee3147
metadata 1.1.0
SensioFrameworkExtraBundle 1b0ca00361050760f14f70be6f3a31f125211f3d
JMSSecurityExtraBundle 541a4c242328dc04b99540c75346cc74a7c0cfb5
SensioDistributionBundle f00c99854ff161b006a200d8dffa0013981d5373
SensioGeneratorBundle fe924497677ea41d0d09f0c011e55142bda12cd7
AsseticBundle 20b22b95ce0c16c4e194809579688ac21af8fea6
DoctrineBundle 313cfeaa67d98d8dbd62f5af483d498ac07ad7db
SwiftmailerBundle 75f8f95c201922a966274547131b33291d15d51b
MonologBundle 9be384ce29398be49b44a90868ec58ad970b1bc4
FOSUserBundle 2c772129ddacdb9ae7dfad54b408041e2475e77e
EWZTimeBundle 2b6a63cf928aaf004ac874a6c0afa3b7cdb31243
pagerfanta c490684def33e992241e7fad33bcbd03d9d18643
PagerfantaBundle dbe694ff2193055f37b4b55496b5ceb7be813a4c
CommonBundle 3b603ffcde2055d32f42069cd418b1ee625e6fb0
BBCodeBundle 8b68f06efc0df69f36dbdbc40ba049c9e649aa35
CrumbTrailBundle 98d3c6d8fc9709334109ed8de792554efcf202e4
CCDNForum c607ea2c5ace29f2aa3e82d4b9cbd9a495835147
CCDNUser 28841fb1dd7a90cfb0766dbe418350b1b0af9a9b
CCDNMessage ceacb0478d1c1a4c6543d62a45ed518cbfd4dfeb
FOSFacebookBundle fetch
FacebookSDK 6c82b3fdfb8efd27751de028d75fd3ab1f2c1ade