symfony v2.0.11
twig v1.6.0
monolog 1.0.2
doctrine-common 2.1.4
doctrine-dbal 2.1.6
doctrine 2.1.6
swiftmailer v4.1.5
assetic v1.0.2
twig-extensions 4c831657215e51568fcb31bb9142e827f9a69bd5
metadata 1.0.0
SensioFrameworkExtraBundle 638f545b7020b9e9d5944a7e3167f60ed848250d
JMSSecurityExtraBundle 541a4c242328dc04b99540c75346cc74a7c0cfb5
SensioDistributionBundle 20b66a408084ad8752f98e50f10533f5245310bf
SensioGeneratorBundle b1ccb78c1743f30817b0fce9bb5c6baff6ed7bf8
AsseticBundle v1.0.1
FOSUserBundle b706553b4f7784c56398088a0d050bd92dd6c4ac
FOSFacebookBundle f20178a8bec10668a392026c2818a9c13bf2bc5d
FacebookSDK 6c82b3fdfb8efd27751de028d75fd3ab1f2c1ade
EWZTimeBundle 71b853d62bf2cf0d0a9dcc9c3e67ac42c76dfae5
pagerfanta c490684def33e992241e7fad33bcbd03d9d18643
PagerfantaBundle 60d98f508010b0fab6a93bf079be39f4c9537f7c
CCDNComponentDashboardBundle be9807311b27e96b6cbbf24801c3008aba9a7f8f
CCDNComponentCommonBundle 2311fd96e81822782e8de8e58794ee3bded098b4
CCDNComponentBBCodeBundle f2f8144363779cb5407f33ffe678a362ae791f30
CCDNComponentCrumbTrailBundle 6ffd2435f379dc54056f8513da6fcc908397a10d
CCDNComponentAttachmentBundle 46f3a1e057c1baa8a1a28a86860d3bb2bad02206
CCDNMessage 280eb6c09a454edb194e3acfda0756869b50108b
CCDNForum dfd018e36a5131fe62032c54eecc6b313a455f8f
CCDNUser 5bea26355c01a459c780f49e2595d3eade507e2e
